// !$*UTF8*$!
{
	archiveVersion = 1;
	classes = {
	};
	objectVersion = 50;
	objects = {

/* Begin PBXBuildFile section */
		45B7977B239B403F00A35A9B /* AppDelegate.swift in Sources */ = {isa = PBXBuildFile; fileRef = 45B7977A239B403F00A35A9B /* AppDelegate.swift */; };
		45B7977D239B403F00A35A9B /* SceneDelegate.swift in Sources */ = {isa = PBXBuildFile; fileRef = 45B7977C239B403F00A35A9B /* SceneDelegate.swift */; };
		45B7977F239B403F00A35A9B /* ViewController.swift in Sources */ = {isa = PBXBuildFile; fileRef = 45B7977E239B403F00A35A9B /* ViewController.swift */; };
		45B79782239B403F00A35A9B /* Main.storyboard in Resources */ = {isa = PBXBuildFile; fileRef = 45B79780239B403F00A35A9B /* Main.storyboard */; };
		45B79784239B404300A35A9B /* Assets.xcassets in Resources */ = {isa = PBXBuildFile; fileRef = 45B79783239B404300A35A9B /* Assets.xcassets */; };
		45B79787239B404300A35A9B /* LaunchScreen.storyboard in Resources */ = {isa = PBXBuildFile; fileRef = 45B79785239B404300A35A9B /* LaunchScreen.storyboard */; };
		45B79790239C900A00A35A9B /* pictures.json in Resources */ = {isa = PBXBuildFile; fileRef = 45B7978E239C900A00A35A9B /* pictures.json */; };
		45B79791239C900A00A35A9B /* quotes.json in Resources */ = {isa = PBXBuildFile; fileRef = 45B7978F239C900A00A35A9B /* quotes.json */; };
		45B79793239C908000A35A9B /* BundleDecoding.swift in Sources */ = {isa = PBXBuildFile; fileRef = 45B79792239C908000A35A9B /* BundleDecoding.swift */; };
		45B79795239C92C400A35A9B /* QuoteStruct.swift in Sources */ = {isa = PBXBuildFile; fileRef = 45B79794239C92C400A35A9B /* QuoteStruct.swift */; };
/* End PBXBuildFile section */

/* Begin PBXFileReference section */
		45B79777239B403F00A35A9B /* MotivateMe.app */ = {isa = PBXFileReference; explicitFileType = wrapper.application; includeInIndex = 0; path = MotivateMe.app; sourceTree = BUILT_PRODUCTS_DIR; };
		45B7977A239B403F00A35A9B /* AppDelegate.swift */ = {isa = PBXFileReference; lastKnownFileType = sourcecode.swift; path = AppDelegate.swift; sourceTree = "<group>"; };
		45B7977C239B403F00A35A9B /* SceneDelegate.swift */ = {isa = PBXFileReference; lastKnownFileType = sourcecode.swift; path = SceneDelegate.swift; sourceTree = "<group>"; };
		45B7977E239B403F00A35A9B /* ViewController.swift */ = {isa = PBXFileReference; lastKnownFileType = sourcecode.swift; path = ViewController.swift; sourceTree = "<group>"; };
		45B79781239B403F00A35A9B /* Base */ = {isa = PBXFileReference; lastKnownFileType = file.storyboard; name = Base; path = Base.lproj/Main.storyboard; sourceTree = "<group>"; };
		45B79783239B404300A35A9B /* Assets.xcassets */ = {isa = PBXFileReference; lastKnownFileType = folder.assetcatalog; path = Assets.xcassets; sourceTree = "<group>"; };
		45B79786239B404300A35A9B /* Base */ = {isa = PBXFileReference; lastKnownFileType = file.storyboard; name = Base; path = Base.lproj/LaunchScreen.storyboard; sourceTree = "<group>"; };
		45B79788239B404300A35A9B /* Info.plist */ = {isa = PBXFileReference; lastKnownFileType = text.plist.xml; path = Info.plist; sourceTree = "<group>"; };
		45B7978E239C900A00A35A9B /* pictures.json */ = {isa = PBXFileReference; fileEncoding = 4; lastKnownFileType = text.json; path = pictures.json; sourceTree = "<group>"; };
		45B7978F239C900A00A35A9B /* quotes.json */ = {isa = PBXFileReference; fileEncoding = 4; lastKnownFileType = text.json; path = quotes.json; sourceTree = "<group>"; };
		45B79792239C908000A35A9B /* BundleDecoding.swift */ = {isa = PBXFileReference; lastKnownFileType = sourcecode.swift; path = BundleDecoding.swift; sourceTree = "<group>"; };
		45B79794239C92C400A35A9B /* QuoteStruct.swift */ = {isa = PBXFileReference; lastKnownFileType = sourcecode.swift; path = QuoteStruct.swift; sourceTree = "<group>"; };
/* End PBXFileReference section */

/* Begin PBXFrameworksBuildPhase section */
		45B79774239B403F00A35A9B /* Frameworks */ = {
			isa = PBXFrameworksBuildPhase;
			buildActionMask = 2147483647;
			files = (
			);
			runOnlyForDeploymentPostprocessing = 0;
		};
/* End PBXFrameworksBuildPhase section */

/* Begin PBXGroup section */
		45B7976E239B403F00A35A9B = {
			isa = PBXGroup;
			children = (
				45B79779239B403F00A35A9B /* MotivateMe */,
				45B79778239B403F00A35A9B /* Products */,
			);
			sourceTree = "<group>";
		};
		45B79778239B403F00A35A9B /* Products */ = {
			isa = PBXGroup;
			children = (
				45B79777239B403F00A35A9B /* MotivateMe.app */,
			);
			name = Products;
			sourceTree = "<group>";
		};
		45B79779239B403F00A35A9B /* MotivateMe */ = {
			isa = PBXGroup;
			children = (
				45B7977A239B403F00A35A9B /* AppDelegate.swift */,
				45B7977C239B403F00A35A9B /* SceneDelegate.swift */,
				45B7977E239B403F00A35A9B /* ViewController.swift */,
				45B79780239B403F00A35A9B /* Main.storyboard */,
				45B79783239B404300A35A9B /* Assets.xcassets */,
				45B79785239B404300A35A9B /* LaunchScreen.storyboard */,
				45B79788239B404300A35A9B /* Info.plist */,
				45B7978E239C900A00A35A9B /* pictures.json */,
				45B79792239C908000A35A9B /* BundleDecoding.swift */,
				45B7978F239C900A00A35A9B /* quotes.json */,
				45B79794239C92C400A35A9B /* QuoteStruct.swift */,
			);
			path = MotivateMe;
			sourceTree = "<group>";
		};
/* End PBXGroup section */

/* Begin PBXNativeTarget section */
		45B79776239B403F00A35A9B /* MotivateMe */ = {
			isa = PBXNativeTarget;
			buildConfigurationList = 45B7978B239B404300A35A9B /* Build configuration list for PBXNativeTarget "MotivateMe" */;
			buildPhases = (
				45B79773239B403F00A35A9B /* Sources */,
				45B79774239B403F00A35A9B /* Frameworks */,
				45B79775239B403F00A35A9B /* Resources */,
			);
			buildRules = (
			);
			dependencies = (
			);
			name = MotivateMe;
			productName = MotivateMe;
			productReference = 45B79777239B403F00A35A9B /* MotivateMe.app */;
			productType = "com.apple.product-type.application";
		};
/* End PBXNativeTarget section */

/* Begin PBXProject section */
		45B7976F239B403F00A35A9B /* Project object */ = {
			isa = PBXProject;
			attributes = {
				LastSwiftUpdateCheck = 1110;
				LastUpgradeCheck = 1110;
				ORGANIZATIONNAME = "Lambda School";
				TargetAttributes = {
					45B79776239B403F00A35A9B = {
						CreatedOnToolsVersion = 11.1;
					};
				};
			};
			buildConfigurationList = 45B79772239B403F00A35A9B /* Build configuration list for PBXProject "MotivateMe" */;
			compatibilityVersion = "Xcode 9.3";
			developmentRegion = en;
			hasScannedForEncodings = 0;
			knownRegions = (
				en,
				Base,
			);
			mainGroup = 45B7976E239B403F00A35A9B;
			productRefGroup = 45B79778239B403F00A35A9B /* Products */;
			projectDirPath = "";
			projectRoot = "";
			targets = (
				45B79776239B403F00A35A9B /* MotivateMe */,
			);
		};
/* End PBXProject section */

/* Begin PBXResourcesBuildPhase section */
		45B79775239B403F00A35A9B /* Resources */ = {
			isa = PBXResourcesBuildPhase;
			buildActionMask = 2147483647;
			files = (
				45B79790239C900A00A35A9B /* pictures.json in Resources */,
				45B79791239C900A00A35A9B /* quotes.json in Resources */,
				45B79787239B404300A35A9B /* LaunchScreen.storyboard in Resources */,
				45B79784239B404300A35A9B /* Assets.xcassets in Resources */,
				45B79782239B403F00A35A9B /* Main.storyboard in Resources */,
			);
			runOnlyForDeploymentPostprocessing = 0;
		};
/* End PBXResourcesBuildPhase section */

/* Begin PBXSourcesBuildPhase section */
		45B79773239B403F00A35A9B /* Sources */ = {
			isa = PBXSourcesBuildPhase;
			buildActionMask = 2147483647;
			files = (
				45B7977F239B403F00A35A9B /* ViewController.swift in Sources */,
				45B7977B239B403F00A35A9B /* AppDelegate.swift in Sources */,
				45B79793239C908000A35A9B /* BundleDecoding.swift in Sources */,
				45B7977D239B403F00A35A9B /* SceneDelegate.swift in Sources */,
				45B79795239C92C400A35A9B /* QuoteStruct.swift in Sources */,
			);
			runOnlyForDeploymentPostprocessing = 0;
		};
/* End PBXSourcesBuildPhase section */

/* Begin PBXVariantGroup section */
		45B79780239B403F00A35A9B /* Main.storyboard */ = {
			isa = PBXVariantGroup;
			children = (
				45B79781239B403F00A35A9B /* Base */,
			);
			name = Main.storyboard;
			sourceTree = "<group>";
		};
		45B79785239B404300A35A9B /* LaunchScreen.storyboard */ = {
			isa = PBXVariantGroup;
			children = (
				45B79786239B404300A35A9B /* Base */,
			);
			name = LaunchScreen.storyboard;
			sourceTree = "<group>";
		};
/* End PBXVariantGroup section */

/* Begin XCBuildConfiguration section */
		45B79789239B404300A35A9B /* Debug */ = {
			isa = XCBuildConfiguration;
			buildSettings = {
				ALWAYS_SEARCH_USER_PATHS = NO;
				CLANG_ANALYZER_NONNULL = YES;
				CLANG_ANALYZER_NUMBER_OBJECT_CONVERSION = YES_AGGRESSIVE;
				CLANG_CXX_LANGUAGE_STANDARD = "gnu++14";
				CLANG_CXX_LIBRARY = "libc++";
				CLANG_ENABLE_MODULES = YES;
				CLANG_ENABLE_OBJC_ARC = YES;
				CLANG_ENABLE_OBJC_WEAK = YES;
				CLANG_WARN_BLOCK_CAPTURE_AUTORELEASING = YES;
				CLANG_WARN_BOOL_CONVERSION = YES;
				CLANG_WARN_COMMA = YES;
				CLANG_WARN_CONSTANT_CONVERSION = YES;
				CLANG_WARN_DEPRECATED_OBJC_IMPLEMENTATIONS = YES;
				CLANG_WARN_DIRECT_OBJC_ISA_USAGE = YES_ERROR;
				CLANG_WARN_DOCUMENTATION_COMMENTS = YES;
				CLANG_WARN_EMPTY_BODY = YES;
				CLANG_WARN_ENUM_CONVERSION = YES;
				CLANG_WARN_INFINITE_RECURSION = YES;
				CLANG_WARN_INT_CONVERSION = YES;
				CLANG_WARN_NON_LITERAL_NULL_CONVERSION = YES;
				CLANG_WARN_OBJC_IMPLICIT_RETAIN_SELF = YES;
				CLANG_WARN_OBJC_LITERAL_CONVERSION = YES;
				CLANG_WARN_OBJC_ROOT_CLASS = YES_ERROR;
				CLANG_WARN_RANGE_LOOP_ANALYSIS = YES;
				CLANG_WARN_STRICT_PROTOTYPES = YES;
				CLANG_WARN_SUSPICIOUS_MOVE = YES;
				CLANG_WARN_UNGUARDED_AVAILABILITY = YES_AGGRESSIVE;
				CLANG_WARN_UNREACHABLE_CODE = YES;
				CLANG_WARN__DUPLICATE_METHOD_MATCH = YES;
				COPY_PHASE_STRIP = NO;
				DEBUG_INFORMATION_FORMAT = dwarf;
				ENABLE_STRICT_OBJC_MSGSEND = YES;
				ENABLE_TESTABILITY = YES;
				GCC_C_LANGUAGE_STANDARD = gnu11;
				GCC_DYNAMIC_NO_PIC = NO;
				GCC_NO_COMMON_BLOCKS = YES;
				GCC_OPTIMIZATION_LEVEL = 0;
				GCC_PREPROCESSOR_DEFINITIONS = (
					"DEBUG=1",
					"$(inherited)",
				);
				GCC_WARN_64_TO_32_BIT_CONVERSION = YES;
				GCC_WARN_ABOUT_RETURN_TYPE = YES_ERROR;
				GCC_WARN_UNDECLARED_SELECTOR = YES;
				GCC_WARN_UNINITIALIZED_AUTOS = YES_AGGRESSIVE;
				GCC_WARN_UNUSED_FUNCTION = YES;
				GCC_WARN_UNUSED_VARIABLE = YES;
				IPHONEOS_DEPLOYMENT_TARGET = 13.1;
				MTL_ENABLE_DEBUG_INFO = INCLUDE_SOURCE;
				MTL_FAST_MATH = YES;
				ONLY_ACTIVE_ARCH = YES;
				SDKROOT = iphoneos;
				SWIFT_ACTIVE_COMPILATION_CONDITIONS = DEBUG;
				SWIFT_OPTIMIZATION_LEVEL = "-Onone";
			};
			name = Debug;
		};
		45B7978A239B404300A35A9B /* Release */ = {
			isa = XCBuildConfiguration;
			buildSettings = {
				ALWAYS_SEARCH_USER_PATHS = NO;
				CLANG_ANALYZER_NONNULL = YES;
				CLANG_ANALYZER_NUMBER_OBJECT_CONVERSION = YES_AGGRESSIVE;
				CLANG_CXX_LANGUAGE_STANDARD = "gnu++14";
				CLANG_CXX_LIBRARY = "libc++";
				CLANG_ENABLE_MODULES = YES;
				CLANG_ENABLE_OBJC_ARC = YES;
				CLANG_ENABLE_OBJC_WEAK = YES;
				CLANG_WARN_BLOCK_CAPTURE_AUTORELEASING = YES;
				CLANG_WARN_BOOL_CONVERSION = YES;
				CLANG_WARN_COMMA = YES;
				CLANG_WARN_CONSTANT_CONVERSION = YES;
				CLANG_WARN_DEPRECATED_OBJC_IMPLEMENTATIONS = YES;
				CLANG_WARN_DIRECT_OBJC_ISA_USAGE = YES_ERROR;
				CLANG_WARN_DOCUMENTATION_COMMENTS = YES;
				CLANG_WARN_EMPTY_BODY = YES;
				CLANG_WARN_ENUM_CONVERSION = YES;
				CLANG_WARN_INFINITE_RECURSION = YES;
				CLANG_WARN_INT_CONVERSION = YES;
				CLANG_WARN_NON_LITERAL_NULL_CONVERSION = YES;
				CLANG_WARN_OBJC_IMPLICIT_RETAIN_SELF = YES;
				CLANG_WARN_OBJC_LITERAL_CONVERSION = YES;
				CLANG_WARN_OBJC_ROOT_CLASS = YES_ERROR;
				CLANG_WARN_RANGE_LOOP_ANALYSIS = YES;
				CLANG_WARN_STRICT_PROTOTYPES = YES;
				CLANG_WARN_SUSPICIOUS_MOVE = YES;
				CLANG_WARN_UNGUARDED_AVAILABILITY = YES_AGGRESSIVE;
				CLANG_WARN_UNREACHABLE_CODE = YES;
				CLANG_WARN__DUPLICATE_METHOD_MATCH = YES;
				COPY_PHASE_STRIP = NO;
				DEBUG_INFORMATION_FORMAT = "dwarf-with-dsym";
				ENABLE_NS_ASSERTIONS = NO;
				ENABLE_STRICT_OBJC_MSGSEND = YES;
				GCC_C_LANGUAGE_STANDARD = gnu11;
				GCC_NO_COMMON_BLOCKS = YES;
				GCC_WARN_64_TO_32_BIT_CONVERSION = YES;
				GCC_WARN_ABOUT_RETURN_TYPE = YES_ERROR;
				GCC_WARN_UNDECLARED_SELECTOR = YES;
				GCC_WARN_UNINITIALIZED_AUTOS = YES_AGGRESSIVE;
				GCC_WARN_UNUSED_FUNCTION = YES;
				GCC_WARN_UNUSED_VARIABLE = YES;
				IPHONEOS_DEPLOYMENT_TARGET = 13.1;
				MTL_ENABLE_DEBUG_INFO = NO;
				MTL_FAST_MATH = YES;
				SDKROOT = iphoneos;
				SWIFT_COMPILATION_MODE = wholemodule;
				SWIFT_OPTIMIZATION_LEVEL = "-O";
				VALIDATE_PRODUCT = YES;
			};
			name = Release;
		};
		45B7978C239B404300A35A9B /* Debug */ = {
			isa = XCBuildConfiguration;
			buildSettings = {
				ASSETCATALOG_COMPILER_APPICON_NAME = AppIcon;
				CODE_SIGN_STYLE = Automatic;
				INFOPLIST_FILE = MotivateMe/Info.plist;
				LD_RUNPATH_SEARCH_PATHS = (
					"$(inherited)",
					"@executable_path/Frameworks",
				);
				PRODUCT_BUNDLE_IDENTIFIER = com.flash.MotivateMe;
				PRODUCT_NAME = "$(TARGET_NAME)";
				SWIFT_VERSION = 5.0;
				TARGETED_DEVICE_FAMILY = "1,2";
			};
			name = Debug;
		};
		45B7978D239B404300A35A9B /* Release */ = {
			isa = XCBuildConfiguration;
			buildSettings = {
				ASSETCATALOG_COMPILER_APPICON_NAME = AppIcon;
				CODE_SIGN_STYLE = Automatic;
				INFOPLIST_FILE = MotivateMe/Info.plist;
				LD_RUNPATH_SEARCH_PATHS = (
					"$(inherited)",
					"@executable_path/Frameworks",
				);
				PRODUCT_BUNDLE_IDENTIFIER = com.flash.MotivateMe;
				PRODUCT_NAME = "$(TARGET_NAME)";
				SWIFT_VERSION = 5.0;
				TARGETED_DEVICE_FAMILY = "1,2";
			};
			name = Release;
		};
/* End XCBuildConfiguration section */

/* Begin XCConfigurationList section */
		45B79772239B403F00A35A9B /* Build configuration list for PBXProject "MotivateMe" */ = {
			isa = XCConfigurationList;
			buildConfigurations = (
				45B79789239B404300A35A9B /* Debug */,
				45B7978A239B404300A35A9B /* Release */,
			);
			defaultConfigurationIsVisible = 0;
			defaultConfigurationName = Release;
		};
		45B7978B239B404300A35A9B /* Build configuration list for PBXNativeTarget "MotivateMe" */ = {
			isa = XCConfigurationList;
			buildConfigurations = (
				45B7978C239B404300A35A9B /* Debug */,
				45B7978D239B404300A35A9B /* Release */,
			);
			defaultConfigurationIsVisible = 0;
			defaultConfigurationName = Release;
		};
/* End XCConfigurationList section */
	};
	rootObject = 45B7976F239B403F00A35A9B /* Project object */;
}
